// !$*UTF8*$!
{
	archiveVersion = 1;
	classes = {
	};
	objectVersion = 55;
	objects = {

/* Begin PBXBuildFile section */
		2B7A596028368BAB0007E0D8 /* AppDelegate.swift in Sources */ = {isa = PBXBuildFile; fileRef = 2B7A595F28368BAB0007E0D8 /* AppDelegate.swift */; };
		2B7A596228368BAB0007E0D8 /* SceneDelegate.swift in Sources */ = {isa = PBXBuildFile; fileRef = 2B7A596128368BAB0007E0D8 /* SceneDelegate.swift */; };
		2B7A596428368BAB0007E0D8 /* ViewController.swift in Sources */ = {isa = PBXBuildFile; fileRef = 2B7A596328368BAB0007E0D8 /* ViewController.swift */; };
		2B7A596728368BAB0007E0D8 /* Main.storyboard in Resources */ = {isa = PBXBuildFile; fileRef = 2B7A596528368BAB0007E0D8 /* Main.storyboard */; };
		2B7A596928368BAC0007E0D8 /* Assets.xcassets in Resources */ = {isa = PBXBuildFile; fileRef = 2B7A596828368BAC0007E0D8 /* Assets.xcassets */; };
		2B7A596C28368BAC0007E0D8 /* LaunchScreen.storyboard in Resources */ = {isa = PBXBuildFile; fileRef = 2B7A596A28368BAC0007E0D8 /* LaunchScreen.storyboard */; };
		2B7A597728368BAC0007E0D8 /* MyFirstUIKitDemoTests.swift in Sources */ = {isa = PBXBuildFile; fileRef = 2B7A597628368BAC0007E0D8 /* MyFirstUIKitDemoTests.swift */; };
		2B7A598128368BAC0007E0D8 /* MyFirstUIKitDemoUITests.swift in Sources */ = {isa = PBXBuildFile; fileRef = 2B7A598028368BAC0007E0D8 /* MyFirstUIKitDemoUITests.swift */; };
		2B7A598328368BAC0007E0D8 /* MyFirstUIKitDemoUITestsLaunchTests.swift in Sources */ = {isa = PBXBuildFile; fileRef = 2B7A598228368BAC0007E0D8 /* MyFirstUIKitDemoUITestsLaunchTests.swift */; };
/* End PBXBuildFile section */

/* Begin PBXContainerItemProxy section */
		2B7A597328368BAC0007E0D8 /* PBXContainerItemProxy */ = {
			isa = PBXContainerItemProxy;
			containerPortal = 2B7A595428368BAB0007E0D8 /* Project object */;
			proxyType = 1;
			remoteGlobalIDString = 2B7A595B28368BAB0007E0D8;
			remoteInfo = MyFirstUIKitDemo;
		};
		2B7A597D28368BAC0007E0D8 /* PBXContainerItemProxy */ = {
			isa = PBXContainerItemProxy;
			containerPortal = 2B7A595428368BAB0007E0D8 /* Project object */;
			proxyType = 1;
			remoteGlobalIDString = 2B7A595B28368BAB0007E0D8;
			remoteInfo = MyFirstUIKitDemo;
		};
/* End PBXContainerItemProxy section */

/* Begin PBXFileReference section */
		2B7A595C28368BAB0007E0D8 /* MyFirstUIKitDemo.app */ = {isa = PBXFileReference; explicitFileType = wrapper.application; includeInIndex = 0; path = MyFirstUIKitDemo.app; sourceTree = BUILT_PRODUCTS_DIR; };
		2B7A595F28368BAB0007E0D8 /* AppDelegate.swift */ = {isa = PBXFileReference; lastKnownFileType = sourcecode.swift; path = AppDelegate.swift; sourceTree = "<group>"; };
		2B7A596128368BAB0007E0D8 /* SceneDelegate.swift */ = {isa = PBXFileReference; lastKnownFileType = sourcecode.swift; path = SceneDelegate.swift; sourceTree = "<group>"; };
		2B7A596328368BAB0007E0D8 /* ViewController.swift */ = {isa = PBXFileReference; lastKnownFileType = sourcecode.swift; path = ViewController.swift; sourceTree = "<group>"; };
		2B7A596628368BAB0007E0D8 /* Base */ = {isa = PBXFileReference; lastKnownFileType = file.storyboard; name = Base; path = Base.lproj/Main.storyboard; sourceTree = "<group>"; };
		2B7A596828368BAC0007E0D8 /* Assets.xcassets */ = {isa = PBXFileReference; lastKnownFileType = folder.assetcatalog; path = Assets.xcassets; sourceTree = "<group>"; };
		2B7A596B28368BAC0007E0D8 /* Base */ = {isa = PBXFileReference; lastKnownFileType = file.storyboard; name = Base; path = Base.lproj/LaunchScreen.storyboard; sourceTree = "<group>"; };
		2B7A596D28368BAC0007E0D8 /* Info.plist */ = {isa = PBXFileReference; lastKnownFileType = text.plist.xml; path = Info.plist; sourceTree = "<group>"; };
		2B7A597228368BAC0007E0D8 /* MyFirstUIKitDemoTests.xctest */ = {isa = PBXFileReference; explicitFileType = wrapper.cfbundle; includeInIndex = 0; path = MyFirstUIKitDemoTests.xctest; sourceTree = BUILT_PRODUCTS_DIR; };
		2B7A597628368BAC0007E0D8 /* MyFirstUIKitDemoTests.swift */ = {isa = PBXFileReference; lastKnownFileType = sourcecode.swift; path = MyFirstUIKitDemoTests.swift; sourceTree = "<group>"; };
		2B7A597C28368BAC0007E0D8 /* MyFirstUIKitDemoUITests.xctest */ = {isa = PBXFileReference; explicitFileType = wrapper.cfbundle; includeInIndex = 0; path = MyFirstUIKitDemoUITests.xctest; sourceTree = BUILT_PRODUCTS_DIR; };
		2B7A598028368BAC0007E0D8 /* MyFirstUIKitDemoUITests.swift */ = {isa = PBXFileReference; lastKnownFileType = sourcecode.swift; path = MyFirstUIKitDemoUITests.swift; sourceTree = "<group>"; };
		2B7A598228368BAC0007E0D8 /* MyFirstUIKitDemoUITestsLaunchTests.swift */ = {isa = PBXFileReference; lastKnownFileType = sourcecode.swift; path = MyFirstUIKitDemoUITestsLaunchTests.swift; sourceTree = "<group>"; };
/* End PBXFileReference section */

/* Begin PBXFrameworksBuildPhase section */
		2B7A595928368BAB0007E0D8 /* Frameworks */ = {
			isa = PBXFrameworksBuildPhase;
			buildActionMask = 2147483647;
			files = (
			);
			runOnlyForDeploymentPostprocessing = 0;
		};
		2B7A596F28368BAC0007E0D8 /* Frameworks */ = {
			isa = PBXFrameworksBuildPhase;
			buildActionMask = 2147483647;
			files = (
			);
			runOnlyForDeploymentPostprocessing = 0;
		};
		2B7A597928368BAC0007E0D8 /* Frameworks */ = {
			isa = PBXFrameworksBuildPhase;
			buildActionMask = 2147483647;
			files = (
			);
			runOnlyForDeploymentPostprocessing = 0;
		};
/* End PBXFrameworksBuildPhase section */

/* Begin PBXGroup section */
		2B7A595328368BAB0007E0D8 = {
			isa = PBXGroup;
			children = (
				2B7A595E28368BAB0007E0D8 /* MyFirstUIKitDemo */,
				2B7A597528368BAC0007E0D8 /* MyFirstUIKitDemoTests */,
				2B7A597F28368BAC0007E0D8 /* MyFirstUIKitDemoUITests */,
				2B7A595D28368BAB0007E0D8 /* Products */,
			);
			sourceTree = "<group>";
		};
		2B7A595D28368BAB0007E0D8 /* Products */ = {
			isa = PBXGroup;
			children = (
				2B7A595C28368BAB0007E0D8 /* MyFirstUIKitDemo.app */,
				2B7A597228368BAC0007E0D8 /* MyFirstUIKitDemoTests.xctest */,
				2B7A597C28368BAC0007E0D8 /* MyFirstUIKitDemoUITests.xctest */,
			);
			name = Products;
			sourceTree = "<group>";
		};
		2B7A595E28368BAB0007E0D8 /* MyFirstUIKitDemo */ = {
			isa = PBXGroup;
			children = (
				2B7A595F28368BAB0007E0D8 /* AppDelegate.swift */,
				2B7A596128368BAB0007E0D8 /* SceneDelegate.swift */,
				2B7A596328368BAB0007E0D8 /* ViewController.swift */,
				2B7A596528368BAB0007E0D8 /* Main.storyboard */,
				2B7A596828368BAC0007E0D8 /* Assets.xcassets */,
				2B7A596A28368BAC0007E0D8 /* LaunchScreen.storyboard */,
				2B7A596D28368BAC0007E0D8 /* Info.plist */,
			);
			path = MyFirstUIKitDemo;
			sourceTree = "<group>";
		};
		2B7A597528368BAC0007E0D8 /* MyFirstUIKitDemoTests */ = {
			isa = PBXGroup;
			children = (
				2B7A597628368BAC0007E0D8 /* MyFirstUIKitDemoTests.swift */,
			);
			path = MyFirstUIKitDemoTests;
			sourceTree = "<group>";
		};
		2B7A597F28368BAC0007E0D8 /* MyFirstUIKitDemoUITests */ = {
			isa = PBXGroup;
			children = (
				2B7A598028368BAC0007E0D8 /* MyFirstUIKitDemoUITests.swift */,
				2B7A598228368BAC0007E0D8 /* MyFirstUIKitDemoUITestsLaunchTests.swift */,
			);
			path = MyFirstUIKitDemoUITests;
			sourceTree = "<group>";
		};
/* End PBXGroup section */

/* Begin PBXNativeTarget section */
		2B7A595B28368BAB0007E0D8 /* MyFirstUIKitDemo */ = {
			isa = PBXNativeTarget;
			buildConfigurationList = 2B7A598628368BAC0007E0D8 /* Build configuration list for PBXNativeTarget "MyFirstUIKitDemo" */;
			buildPhases = (
				2B7A595828368BAB0007E0D8 /* Sources */,
				2B7A595928368BAB0007E0D8 /* Frameworks */,
				2B7A595A28368BAB0007E0D8 /* Resources */,
			);
			buildRules = (
			);
			dependencies = (
			);
			name = MyFirstUIKitDemo;
			productName = MyFirstUIKitDemo;
			productReference = 2B7A595C28368BAB0007E0D8 /* MyFirstUIKitDemo.app */;
			productType = "com.apple.product-type.application";
		};
		2B7A597128368BAC0007E0D8 /* MyFirstUIKitDemoTests */ = {
			isa = PBXNativeTarget;
			buildConfigurationList = 2B7A598928368BAC0007E0D8 /* Build configuration list for PBXNativeTarget "MyFirstUIKitDemoTests" */;
			buildPhases = (
				2B7A596E28368BAC0007E0D8 /* Sources */,
				2B7A596F28368BAC0007E0D8 /* Frameworks */,
				2B7A597028368BAC0007E0D8 /* Resources */,
			);
			buildRules = (
			);
			dependencies = (
				2B7A597428368BAC0007E0D8 /* PBXTargetDependency */,
			);
			name = MyFirstUIKitDemoTests;
			productName = MyFirstUIKitDemoTests;
			productReference = 2B7A597228368BAC0007E0D8 /* MyFirstUIKitDemoTests.xctest */;
			productType = "com.apple.product-type.bundle.unit-test";
		};
		2B7A597B28368BAC0007E0D8 /* MyFirstUIKitDemoUITests */ = {
			isa = PBXNativeTarget;
			buildConfigurationList = 2B7A598C28368BAC0007E0D8 /* Build configuration list for PBXNativeTarget "MyFirstUIKitDemoUITests" */;
			buildPhases = (
				2B7A597828368BAC0007E0D8 /* Sources */,
				2B7A597928368BAC0007E0D8 /* Frameworks */,
				2B7A597A28368BAC0007E0D8 /* Resources */,
			);
			buildRules = (
			);
			dependencies = (
				2B7A597E28368BAC0007E0D8 /* PBXTargetDependency */,
			);
			name = MyFirstUIKitDemoUITests;
			productName = MyFirstUIKitDemoUITests;
			productReference = 2B7A597C28368BAC0007E0D8 /* MyFirstUIKitDemoUITests.xctest */;
			productType = "com.apple.product-type.bundle.ui-testing";
		};
/* End PBXNativeTarget section */

/* Begin PBXProject section */
		2B7A595428368BAB0007E0D8 /* Project object */ = {
			isa = PBXProject;
			attributes = {
				BuildIndependentTargetsInParallel = 1;
				LastSwiftUpdateCheck = 1340;
				LastUpgradeCheck = 1340;
				TargetAttributes = {
					2B7A595B28368BAB0007E0D8 = {
						CreatedOnToolsVersion = 13.4;
					};
					2B7A597128368BAC0007E0D8 = {
						CreatedOnToolsVersion = 13.4;
						TestTargetID = 2B7A595B28368BAB0007E0D8;
					};
					2B7A597B28368BAC0007E0D8 = {
						CreatedOnToolsVersion = 13.4;
						TestTargetID = 2B7A595B28368BAB0007E0D8;
					};
				};
			};
			buildConfigurationList = 2B7A595728368BAB0007E0D8 /* Build configuration list for PBXProject "MyFirstUIKitDemo" */;
			compatibilityVersion = "Xcode 13.0";
			developmentRegion = en;
			hasScannedForEncodings = 0;
			knownRegions = (
				en,
				Base,
			);
			mainGroup = 2B7A595328368BAB0007E0D8;
			productRefGroup = 2B7A595D28368BAB0007E0D8 /* Products */;
			projectDirPath = "";
			projectRoot = "";
			targets = (
				2B7A595B28368BAB0007E0D8 /* MyFirstUIKitDemo */,
				2B7A597128368BAC0007E0D8 /* MyFirstUIKitDemoTests */,
				2B7A597B28368BAC0007E0D8 /* MyFirstUIKitDemoUITests */,
			);
		};
/* End PBXProject section */

/* Begin PBXResourcesBuildPhase section */
		2B7A595A28368BAB0007E0D8 /* Resources */ = {
			isa = PBXResourcesBuildPhase;
			buildActionMask = 2147483647;
			files = (
				2B7A596C28368BAC0007E0D8 /* LaunchScreen.storyboard in Resources */,
				2B7A596928368BAC0007E0D8 /* Assets.xcassets in Resources */,
				2B7A596728368BAB0007E0D8 /* Main.storyboard in Resources */,
			);
			runOnlyForDeploymentPostprocessing = 0;
		};
		2B7A597028368BAC0007E0D8 /* Resources */ = {
			isa = PBXResourcesBuildPhase;
			buildActionMask = 2147483647;
			files = (
			);
			runOnlyForDeploymentPostprocessing = 0;
		};
		2B7A597A28368BAC0007E0D8 /* Resources */ = {
			isa = PBXResourcesBuildPhase;
			buildActionMask = 2147483647;
			files = (
			);
			runOnlyForDeploymentPostprocessing = 0;
		};
/* End PBXResourcesBuildPhase section */

/* Begin PBXSourcesBuildPhase section */
		2B7A595828368BAB0007E0D8 /* Sources */ = {
			isa = PBXSourcesBuildPhase;
			buildActionMask = 2147483647;
			files = (
				2B7A596428368BAB0007E0D8 /* ViewController.swift in Sources */,
				2B7A596028368BAB0007E0D8 /* AppDelegate.swift in Sources */,
				2B7A596228368BAB0007E0D8 /* SceneDelegate.swift in Sources */,
			);
			runOnlyForDeploymentPostprocessing = 0;
		};
		2B7A596E28368BAC0007E0D8 /* Sources */ = {
			isa = PBXSourcesBuildPhase;
			buildActionMask = 2147483647;
			files = (
				2B7A597728368BAC0007E0D8 /* MyFirstUIKitDemoTests.swift in Sources */,
			);
			runOnlyForDeploymentPostprocessing = 0;
		};
		2B7A597828368BAC0007E0D8 /* Sources */ = {
			isa = PBXSourcesBuildPhase;
			buildActionMask = 2147483647;
			files = (
				2B7A598128368BAC0007E0D8 /* MyFirstUIKitDemoUITests.swift in Sources */,
				2B7A598328368BAC0007E0D8 /* MyFirstUIKitDemoUITestsLaunchTests.swift in Sources */,
			);
			runOnlyForDeploymentPostprocessing = 0;
		};
/* End PBXSourcesBuildPhase section */

/* Begin PBXTargetDependency section */
		2B7A597428368BAC0007E0D8 /* PBXTargetDependency */ = {
			isa = PBXTargetDependency;
			target = 2B7A595B28368BAB0007E0D8 /* MyFirstUIKitDemo */;
			targetProxy = 2B7A597328368BAC0007E0D8 /* PBXContainerItemProxy */;
		};
		2B7A597E28368BAC0007E0D8 /* PBXTargetDependency */ = {
			isa = PBXTargetDependency;
			target = 2B7A595B28368BAB0007E0D8 /* MyFirstUIKitDemo */;
			targetProxy = 2B7A597D28368BAC0007E0D8 /* PBXContainerItemProxy */;
		};
/* End PBXTargetDependency section */

/* Begin PBXVariantGroup section */
		2B7A596528368BAB0007E0D8 /* Main.storyboard */ = {
			isa = PBXVariantGroup;
			children = (
				2B7A596628368BAB0007E0D8 /* Base */,
			);
			name = Main.storyboard;
			sourceTree = "<group>";
		};
		2B7A596A28368BAC0007E0D8 /* LaunchScreen.storyboard */ = {
			isa = PBXVariantGroup;
			children = (
				2B7A596B28368BAC0007E0D8 /* Base */,
			);
			name = LaunchScreen.storyboard;
			sourceTree = "<group>";
		};
/* End PBXVariantGroup section */

/* Begin XCBuildConfiguration section */
		2B7A598428368BAC0007E0D8 /* Debug */ = {
			isa = XCBuildConfiguration;
			buildSettings = {
				ALWAYS_SEARCH_USER_PATHS = NO;
				CLANG_ANALYZER_NONNULL = YES;
				CLANG_ANALYZER_NUMBER_OBJECT_CONVERSION = YES_AGGRESSIVE;
				CLANG_CXX_LANGUAGE_STANDARD = "gnu++17";
				CLANG_ENABLE_MODULES = YES;
				CLANG_ENABLE_OBJC_ARC = YES;
				CLANG_ENABLE_OBJC_WEAK = YES;
				CLANG_WARN_BLOCK_CAPTURE_AUTORELEASING = YES;
				CLANG_WARN_BOOL_CONVERSION = YES;
				CLANG_WARN_COMMA = YES;
				CLANG_WARN_CONSTANT_CONVERSION = YES;
				CLANG_WARN_DEPRECATED_OBJC_IMPLEMENTATIONS = YES;
				CLANG_WARN_DIRECT_OBJC_ISA_USAGE = YES_ERROR;
				CLANG_WARN_DOCUMENTATION_COMMENTS = YES;
				CLANG_WARN_EMPTY_BODY = YES;
				CLANG_WARN_ENUM_CONVERSION = YES;
				CLANG_WARN_INFINITE_RECURSION = YES;
				CLANG_WARN_INT_CONVERSION = YES;
				CLANG_WARN_NON_LITERAL_NULL_CONVERSION = YES;
				CLANG_WARN_OBJC_IMPLICIT_RETAIN_SELF = YES;
				CLANG_WARN_OBJC_LITERAL_CONVERSION = YES;
				CLANG_WARN_OBJC_ROOT_CLASS = YES_ERROR;
				CLANG_WARN_QUOTED_INCLUDE_IN_FRAMEWORK_HEADER = YES;
				CLANG_WARN_RANGE_LOOP_ANALYSIS = YES;
				CLANG_WARN_STRICT_PROTOTYPES = YES;
				CLANG_WARN_SUSPICIOUS_MOVE = YES;
				CLANG_WARN_UNGUARDED_AVAILABILITY = YES_AGGRESSIVE;
				CLANG_WARN_UNREACHABLE_CODE = YES;
				CLANG_WARN__DUPLICATE_METHOD_MATCH = YES;
				COPY_PHASE_STRIP = NO;
				DEBUG_INFORMATION_FORMAT = dwarf;
				ENABLE_STRICT_OBJC_MSGSEND = YES;
				ENABLE_TESTABILITY = YES;
				GCC_C_LANGUAGE_STANDARD = gnu11;
				GCC_DYNAMIC_NO_PIC = NO;
				GCC_NO_COMMON_BLOCKS = YES;
				GCC_OPTIMIZATION_LEVEL = 0;
				GCC_PREPROCESSOR_DEFINITIONS = (
					"DEBUG=1",
					"$(inherited)",
				);
				GCC_WARN_64_TO_32_BIT_CONVERSION = YES;
				GCC_WARN_ABOUT_RETURN_TYPE = YES_ERROR;
				GCC_WARN_UNDECLARED_SELECTOR = YES;
				GCC_WARN_UNINITIALIZED_AUTOS = YES_AGGRESSIVE;
				GCC_WARN_UNUSED_FUNCTION = YES;
				GCC_WARN_UNUSED_VARIABLE = YES;
				IPHONEOS_DEPLOYMENT_TARGET = 15.5;
				MTL_ENABLE_DEBUG_INFO = INCLUDE_SOURCE;
				MTL_FAST_MATH = YES;
				ONLY_ACTIVE_ARCH = YES;
				SDKROOT = iphoneos;
				SWIFT_ACTIVE_COMPILATION_CONDITIONS = DEBUG;
				SWIFT_OPTIMIZATION_LEVEL = "-Onone";
			};
			name = Debug;
		};
		2B7A598528368BAC0007E0D8 /* Release */ = {
			isa = XCBuildConfiguration;
			buildSettings = {
				ALWAYS_SEARCH_USER_PATHS = NO;
				CLANG_ANALYZER_NONNULL = YES;
				CLANG_ANALYZER_NUMBER_OBJECT_CONVERSION = YES_AGGRESSIVE;
				CLANG_CXX_LANGUAGE_STANDARD = "gnu++17";
				CLANG_ENABLE_MODULES = YES;
				CLANG_ENABLE_OBJC_ARC = YES;
				CLANG_ENABLE_OBJC_WEAK = YES;
				CLANG_WARN_BLOCK_CAPTURE_AUTORELEASING = YES;
				CLANG_WARN_BOOL_CONVERSION = YES;
				CLANG_WARN_COMMA = YES;
				CLANG_WARN_CONSTANT_CONVERSION = YES;
				CLANG_WARN_DEPRECATED_OBJC_IMPLEMENTATIONS = YES;
				CLANG_WARN_DIRECT_OBJC_ISA_USAGE = YES_ERROR;
				CLANG_WARN_DOCUMENTATION_COMMENTS = YES;
				CLANG_WARN_EMPTY_BODY = YES;
				CLANG_WARN_ENUM_CONVERSION = YES;
				CLANG_WARN_INFINITE_RECURSION = YES;
				CLANG_WARN_INT_CONVERSION = YES;
				CLANG_WARN_NON_LITERAL_NULL_CONVERSION = YES;
				CLANG_WARN_OBJC_IMPLICIT_RETAIN_SELF = YES;
				CLANG_WARN_OBJC_LITERAL_CONVERSION = YES;
				CLANG_WARN_OBJC_ROOT_CLASS = YES_ERROR;
				CLANG_WARN_QUOTED_INCLUDE_IN_FRAMEWORK_HEADER = YES;
				CLANG_WARN_RANGE_LOOP_ANALYSIS = YES;
				CLANG_WARN_STRICT_PROTOTYPES = YES;
				CLANG_WARN_SUSPICIOUS_MOVE = YES;
				CLANG_WARN_UNGUARDED_AVAILABILITY = YES_AGGRESSIVE;
				CLANG_WARN_UNREACHABLE_CODE = YES;
				CLANG_WARN__DUPLICATE_METHOD_MATCH = YES;
				COPY_PHASE_STRIP = NO;
				DEBUG_INFORMATION_FORMAT = "dwarf-with-dsym";
				ENABLE_NS_ASSERTIONS = NO;
				ENABLE_STRICT_OBJC_MSGSEND = YES;
				GCC_C_LANGUAGE_STANDARD = gnu11;
				GCC_NO_COMMON_BLOCKS = YES;
				GCC_WARN_64_TO_32_BIT_CONVERSION = YES;
				GCC_WARN_ABOUT_RETURN_TYPE = YES_ERROR;
				GCC_WARN_UNDECLARED_SELECTOR = YES;
				GCC_WARN_UNINITIALIZED_AUTOS = YES_AGGRESSIVE;
				GCC_WARN_UNUSED_FUNCTION = YES;
				GCC_WARN_UNUSED_VARIABLE = YES;
				IPHONEOS_DEPLOYMENT_TARGET = 15.5;
				MTL_ENABLE_DEBUG_INFO = NO;
				MTL_FAST_MATH = YES;
				SDKROOT = iphoneos;
				SWIFT_COMPILATION_MODE = wholemodule;
				SWIFT_OPTIMIZATION_LEVEL = "-O";
				VALIDATE_PRODUCT = YES;
			};
			name = Release;
		};
		2B7A598728368BAC0007E0D8 /* Debug */ = {
			isa = XCBuildConfiguration;
			buildSettings = {
				ASSETCATALOG_COMPILER_APPICON_NAME = AppIcon;
				ASSETCATALOG_COMPILER_GLOBAL_ACCENT_COLOR_NAME = AccentColor;
				CODE_SIGN_STYLE = Automatic;
				CURRENT_PROJECT_VERSION = 1;
				GENERATE_INFOPLIST_FILE = YES;
				INFOPLIST_FILE = MyFirstUIKitDemo/Info.plist;
				INFOPLIST_KEY_UIApplicationSupportsIndirectInputEvents = YES;
				INFOPLIST_KEY_UILaunchStoryboardName = LaunchScreen;
				INFOPLIST_KEY_UIMainStoryboardFile = Main;
				INFOPLIST_KEY_UISupportedInterfaceOrientations_iPad = "UIInterfaceOrientationPortrait UIInterfaceOrientationPortraitUpsideDown UIInterfaceOrientationLandscapeLeft UIInterfaceOrientationLandscapeRight";
				INFOPLIST_KEY_UISupportedInterfaceOrientations_iPhone = "UIInterfaceOrientationPortrait UIInterfaceOrientationLandscapeLeft UIInterfaceOrientationLandscapeRight";
				LD_RUNPATH_SEARCH_PATHS = (
					"$(inherited)",
					"@executable_path/Frameworks",
				);
				MARKETING_VERSION = 1.0;
				PRODUCT_BUNDLE_IDENTIFIER = demo.MyFirstUIKitDemo;
				PRODUCT_NAME = "$(TARGET_NAME)";
				SWIFT_EMIT_LOC_STRINGS = YES;
				SWIFT_VERSION = 5.0;
				TARGETED_DEVICE_FAMILY = "1,2";
			};
			name = Debug;
		};
		2B7A598828368BAC0007E0D8 /* Release */ = {
			isa = XCBuildConfiguration;
			buildSettings = {
				ASSETCATALOG_COMPILER_APPICON_NAME = AppIcon;
				ASSETCATALOG_COMPILER_GLOBAL_ACCENT_COLOR_NAME = AccentColor;
				CODE_SIGN_STYLE = Automatic;
				CURRENT_PROJECT_VERSION = 1;
				GENERATE_INFOPLIST_FILE = YES;
				INFOPLIST_FILE = MyFirstUIKitDemo/Info.plist;
				INFOPLIST_KEY_UIApplicationSupportsIndirectInputEvents = YES;
				INFOPLIST_KEY_UILaunchStoryboardName = LaunchScreen;
				INFOPLIST_KEY_UIMainStoryboardFile = Main;
				INFOPLIST_KEY_UISupportedInterfaceOrientations_iPad = "UIInterfaceOrientationPortrait UIInterfaceOrientationPortraitUpsideDown UIInterfaceOrientationLandscapeLeft UIInterfaceOrientationLandscapeRight";
				INFOPLIST_KEY_UISupportedInterfaceOrientations_iPhone = "UIInterfaceOrientationPortrait UIInterfaceOrientationLandscapeLeft UIInterfaceOrientationLandscapeRight";
				LD_RUNPATH_SEARCH_PATHS = (
					"$(inherited)",
					"@executable_path/Frameworks",
				);
				MARKETING_VERSION = 1.0;
				PRODUCT_BUNDLE_IDENTIFIER = demo.MyFirstUIKitDemo;
				PRODUCT_NAME = "$(TARGET_NAME)";
				SWIFT_EMIT_LOC_STRINGS = YES;
				SWIFT_VERSION = 5.0;
				TARGETED_DEVICE_FAMILY = "1,2";
			};
			name = Release;
		};
		2B7A598A28368BAC0007E0D8 /* Debug */ = {
			isa = XCBuildConfiguration;
			buildSettings = {
				ALWAYS_EMBED_SWIFT_STANDARD_LIBRARIES = YES;
				BUNDLE_LOADER = "$(TEST_HOST)";
				CODE_SIGN_STYLE = Automatic;
				CURRENT_PROJECT_VERSION = 1;
				GENERATE_INFOPLIST_FILE = YES;
				IPHONEOS_DEPLOYMENT_TARGET = 15.5;
				MARKETING_VERSION = 1.0;
				PRODUCT_BUNDLE_IDENTIFIER = demo.MyFirstUIKitDemoTests;
				PRODUCT_NAME = "$(TARGET_NAME)";
				SWIFT_EMIT_LOC_STRINGS = NO;
				SWIFT_VERSION = 5.0;
				TARGETED_DEVICE_FAMILY = "1,2";
				TEST_HOST = "$(BUILT_PRODUCTS_DIR)/MyFirstUIKitDemo.app/MyFirstUIKitDemo";
			};
			name = Debug;
		};
		2B7A598B28368BAC0007E0D8 /* Release */ = {
			isa = XCBuildConfiguration;
			buildSettings = {
				ALWAYS_EMBED_SWIFT_STANDARD_LIBRARIES = YES;
				BUNDLE_LOADER = "$(TEST_HOST)";
				CODE_SIGN_STYLE = Automatic;
				CURRENT_PROJECT_VERSION = 1;
				GENERATE_INFOPLIST_FILE = YES;
				IPHONEOS_DEPLOYMENT_TARGET = 15.5;
				MARKETING_VERSION = 1.0;
				PRODUCT_BUNDLE_IDENTIFIER = demo.MyFirstUIKitDemoTests;
				PRODUCT_NAME = "$(TARGET_NAME)";
				SWIFT_EMIT_LOC_STRINGS = NO;
				SWIFT_VERSION = 5.0;
				TARGETED_DEVICE_FAMILY = "1,2";
				TEST_HOST = "$(BUILT_PRODUCTS_DIR)/MyFirstUIKitDemo.app/MyFirstUIKitDemo";
			};
			name = Release;
		};
		2B7A598D28368BAC0007E0D8 /* Debug */ = {
			isa = XCBuildConfiguration;
			buildSettings = {
				ALWAYS_EMBED_SWIFT_STANDARD_LIBRARIES = YES;
				CODE_SIGN_STYLE = Automatic;
				CURRENT_PROJECT_VERSION = 1;
				GENERATE_INFOPLIST_FILE = YES;
				MARKETING_VERSION = 1.0;
				PRODUCT_BUNDLE_IDENTIFIER = demo.MyFirstUIKitDemoUITests;
				PRODUCT_NAME = "$(TARGET_NAME)";
				SWIFT_EMIT_LOC_STRINGS = NO;
				SWIFT_VERSION = 5.0;
				TARGETED_DEVICE_FAMILY = "1,2";
				TEST_TARGET_NAME = MyFirstUIKitDemo;
			};
			name = Debug;
		};
		2B7A598E28368BAC0007E0D8 /* Release */ = {
			isa = XCBuildConfiguration;
			buildSettings = {
				ALWAYS_EMBED_SWIFT_STANDARD_LIBRARIES = YES;
				CODE_SIGN_STYLE = Automatic;
				CURRENT_PROJECT_VERSION = 1;
				GENERATE_INFOPLIST_FILE = YES;
				MARKETING_VERSION = 1.0;
				PRODUCT_BUNDLE_IDENTIFIER = demo.MyFirstUIKitDemoUITests;
				PRODUCT_NAME = "$(TARGET_NAME)";
				SWIFT_EMIT_LOC_STRINGS = NO;
				SWIFT_VERSION = 5.0;
				TARGETED_DEVICE_FAMILY = "1,2";
				TEST_TARGET_NAME = MyFirstUIKitDemo;
			};
			name = Release;
		};
/* End XCBuildConfiguration section */

/* Begin XCConfigurationList section */
		2B7A595728368BAB0007E0D8 /* Build configuration list for PBXProject "MyFirstUIKitDemo" */ = {
			isa = XCConfigurationList;
			buildConfigurations = (
				2B7A598428368BAC0007E0D8 /* Debug */,
				2B7A598528368BAC0007E0D8 /* Release */,
			);
			defaultConfigurationIsVisible = 0;
			defaultConfigurationName = Release;
		};
		2B7A598628368BAC0007E0D8 /* Build configuration list for PBXNativeTarget "MyFirstUIKitDemo" */ = {
			isa = XCConfigurationList;
			buildConfigurations = (
				2B7A598728368BAC0007E0D8 /* Debug */,
				2B7A598828368BAC0007E0D8 /* Release */,
			);
			defaultConfigurationIsVisible = 0;
			defaultConfigurationName = Release;
		};
		2B7A598928368BAC0007E0D8 /* Build configuration list for PBXNativeTarget "MyFirstUIKitDemoTests" */ = {
			isa = XCConfigurationList;
			buildConfigurations = (
				2B7A598A28368BAC0007E0D8 /* Debug */,
				2B7A598B28368BAC0007E0D8 /* Release */,
			);
			defaultConfigurationIsVisible = 0;
			defaultConfigurationName = Release;
		};
		2B7A598C28368BAC0007E0D8 /* Build configuration list for PBXNativeTarget "MyFirstUIKitDemoUITests" */ = {
			isa = XCConfigurationList;
			buildConfigurations = (
				2B7A598D28368BAC0007E0D8 /* Debug */,
				2B7A598E28368BAC0007E0D8 /* Release */,
			);
			defaultConfigurationIsVisible = 0;
			defaultConfigurationName = Release;
		};
/* End XCConfigurationList section */
	};
	rootObject = 2B7A595428368BAB0007E0D8 /* Project object */;
}
